<?xml version="1.0" encoding="utf-8"?>
<Project ToolsVersion="4.0" xmlns="http://schemas.microsoft.com/developer/msbuild/2003">
  <ItemGroup>
    <ClCompile Include="WinProcess.cpp" />
    <ClCompile Include="GetOpts.cpp">
      <Filter>util</Filter>
    </ClCompile>
    <ClCompile Include="Colorize.cpp">
      <Filter>util</Filter>
    </ClCompile>
    <ClCompile Include="LLWatch.cpp" />
    <ClCompile Include="llstring.cpp">
      <Filter>util</Filter>
    </ClCompile>
  </ItemGroup>
  <ItemGroup>
    <ClInclude Include="WinProcess.h" />
    <ClInclude Include="Hnd.h">
      <Filter>util</Filter>
    </ClInclude>
    <ClInclude Include="WinCursor.h">
      <Filter>util</Filter>
    </ClInclude>
    <ClInclude Include="GetOpts.h">
      <Filter>util</Filter>
    </ClInclude>
    <ClInclude Include="Colorize.h">
      <Filter>util</Filter>
    </ClInclude>
    <ClInclude Include="llstring.h">
      <Filter>util</Filter>
    </ClInclude>
    <ClInclude Include="resource.h" />
  </ItemGroup>
  <ItemGroup>
    <Filter Include="util">
      <UniqueIdentifier>{cf667acc-e95c-4644-937c-1c55018eab29}</UniqueIdentifier>
    </Filter>
  </ItemGroup>
  <ItemGroup>
    <ResourceCompile Include="Resource.rc" />
  </ItemGroup>
</Project>